{
  "meteor": {
    "git": "https://github.com/meteor/meteor.git",
    "branch": "master",
    "commit": "405cd9e86c6336bd9aaa7a8f240bb9815dceed2d"
  },
  "dependencies": {
    "basePackages": {
      "mvp": {
        "path": "../.."
      }
    },
    "packages": {
      "mvp": {
        "path": "../.."
      }
    }
  }
}
